
Microsoft Visual Studio Solution File, Format Version 12.00
# Visual Studio 2012
Project("{2150E333-8FDC-42A3-9474-1A3956D46DE8}") = "Data", "Data", "{367A2D65-D3E9-42B7-A81C-54DECC6A0068}"
EndProject
Project("{FAE04EC0-301F-11D3-BF4B-00C04F79EFBC}") = "Db.ImplementSQL", "Db.ImplementSQL\Db.ImplementSQL.csproj", "{9E40985C-74CC-4446-85D6-86DBCE29BB27}"
EndProject
Project("{FAE04EC0-301F-11D3-BF4B-00C04F79EFBC}") = "Db.Interfaces", "Db.Interfaces\Db.Interfaces.csproj", "{DB48A3CC-27E1-402C-BF64-F610FE567214}"
EndProject
Project("{2150E333-8FDC-42A3-9474-1A3956D46DE8}") = "Service", "Service", "{AFC62849-E3D1-4205-9AE6-499D5253E88C}"
EndProject
Project("{FAE04EC0-301F-11D3-BF4B-00C04F79EFBC}") = "Data.DataContract", "Data.DataContract\Data.DataContract.csproj", "{81FCD4EA-9360-4193-9E7C-E6DE1EAA1602}"
EndProject
Project("{2150E333-8FDC-42A3-9474-1A3956D46DE8}") = "Share", "Share", "{75B06F96-2E02-43B5-B7A7-6D3F2459C22C}"
EndProject
Project("{FAE04EC0-301F-11D3-BF4B-00C04F79EFBC}") = "Share.Helper", "Share.Helper\Share.Helper.csproj", "{AB65A81E-EE9D-4A7C-B122-15AAC44B66D6}"
EndProject
Project("{FAE04EC0-301F-11D3-BF4B-00C04F79EFBC}") = "Share.Messages", "Share.Messages\Share.Messages.csproj", "{9D19077A-0E59-4825-BFEA-8ED99AA00F55}"
EndProject
Project("{2150E333-8FDC-42A3-9474-1A3956D46DE8}") = "Site", "Site", "{6518CF21-50AF-404C-A90D-8303D02DC40E}"
EndProject
Project("{FAE04EC0-301F-11D3-BF4B-00C04F79EFBC}") = "Models", "Models\Models.csproj", "{8FCD4F51-FD51-42BE-892C-E80E609F0744}"
EndProject
Project("{FAE04EC0-301F-11D3-BF4B-00C04F79EFBC}") = "Site.Backend", "Site.Backend\Site.Backend.csproj", "{470252DB-6B53-4C52-9536-59D6FDC2EAA4}"
EndProject
Project("{FAE04EC0-301F-11D3-BF4B-00C04F79EFBC}") = "Share.DI", "Share.DI\Share.DI.csproj", "{0F00FB8E-9A6A-46E3-AC8B-3C84D6337B0A}"
EndProject
Project("{FAE04EC0-301F-11D3-BF4B-00C04F79EFBC}") = "Service.Contract", "Service.Contract\Service.Contract.csproj", "{1A05E5B9-20CA-4065-9E3C-0E50D2C1E09E}"
EndProject
Project("{FAE04EC0-301F-11D3-BF4B-00C04F79EFBC}") = "Service.ContractImplement", "Service.ContractImplement\Service.ContractImplement.csproj", "{0101B51F-B85E-44D1-A449-BAA2FF1A6EEA}"
EndProject
Global
	GlobalSection(SolutionConfigurationPlatforms) = preSolution
		Debug|Any CPU = Debug|Any CPU
		Release|Any CPU = Release|Any CPU
	EndGlobalSection
	GlobalSection(ProjectConfigurationPlatforms) = postSolution
		{9E40985C-74CC-4446-85D6-86DBCE29BB27}.Debug|Any CPU.ActiveCfg = Debug|Any CPU
		{9E40985C-74CC-4446-85D6-86DBCE29BB27}.Debug|Any CPU.Build.0 = Debug|Any CPU
		{9E40985C-74CC-4446-85D6-86DBCE29BB27}.Release|Any CPU.ActiveCfg = Release|Any CPU
		{9E40985C-74CC-4446-85D6-86DBCE29BB27}.Release|Any CPU.Build.0 = Release|Any CPU
		{DB48A3CC-27E1-402C-BF64-F610FE567214}.Debug|Any CPU.ActiveCfg = Debug|Any CPU
		{DB48A3CC-27E1-402C-BF64-F610FE567214}.Debug|Any CPU.Build.0 = Debug|Any CPU
		{DB48A3CC-27E1-402C-BF64-F610FE567214}.Release|Any CPU.ActiveCfg = Release|Any CPU
		{DB48A3CC-27E1-402C-BF64-F610FE567214}.Release|Any CPU.Build.0 = Release|Any CPU
		{81FCD4EA-9360-4193-9E7C-E6DE1EAA1602}.Debug|Any CPU.ActiveCfg = Debug|Any CPU
		{81FCD4EA-9360-4193-9E7C-E6DE1EAA1602}.Debug|Any CPU.Build.0 = Debug|Any CPU
		{81FCD4EA-9360-4193-9E7C-E6DE1EAA1602}.Release|Any CPU.ActiveCfg = Release|Any CPU
		{81FCD4EA-9360-4193-9E7C-E6DE1EAA1602}.Release|Any CPU.Build.0 = Release|Any CPU
		{AB65A81E-EE9D-4A7C-B122-15AAC44B66D6}.Debug|Any CPU.ActiveCfg = Debug|Any CPU
		{AB65A81E-EE9D-4A7C-B122-15AAC44B66D6}.Debug|Any CPU.Build.0 = Debug|Any CPU
		{AB65A81E-EE9D-4A7C-B122-15AAC44B66D6}.Release|Any CPU.ActiveCfg = Release|Any CPU
		{AB65A81E-EE9D-4A7C-B122-15AAC44B66D6}.Release|Any CPU.Build.0 = Release|Any CPU
		{9D19077A-0E59-4825-BFEA-8ED99AA00F55}.Debug|Any CPU.ActiveCfg = Debug|Any CPU
		{9D19077A-0E59-4825-BFEA-8ED99AA00F55}.Debug|Any CPU.Build.0 = Debug|Any CPU
		{9D19077A-0E59-4825-BFEA-8ED99AA00F55}.Release|Any CPU.ActiveCfg = Release|Any CPU
		{9D19077A-0E59-4825-BFEA-8ED99AA00F55}.Release|Any CPU.Build.0 = Release|Any CPU
		{8FCD4F51-FD51-42BE-892C-E80E609F0744}.Debug|Any CPU.ActiveCfg = Debug|Any CPU
		{8FCD4F51-FD51-42BE-892C-E80E609F0744}.Debug|Any CPU.Build.0 = Debug|Any CPU
		{8FCD4F51-FD51-42BE-892C-E80E609F0744}.Release|Any CPU.ActiveCfg = Release|Any CPU
		{8FCD4F51-FD51-42BE-892C-E80E609F0744}.Release|Any CPU.Build.0 = Release|Any CPU
		{470252DB-6B53-4C52-9536-59D6FDC2EAA4}.Debug|Any CPU.ActiveCfg = Debug|Any CPU
		{470252DB-6B53-4C52-9536-59D6FDC2EAA4}.Debug|Any CPU.Build.0 = Debug|Any CPU
		{470252DB-6B53-4C52-9536-59D6FDC2EAA4}.Release|Any CPU.ActiveCfg = Release|Any CPU
		{470252DB-6B53-4C52-9536-59D6FDC2EAA4}.Release|Any CPU.Build.0 = Release|Any CPU
		{0F00FB8E-9A6A-46E3-AC8B-3C84D6337B0A}.Debug|Any CPU.ActiveCfg = Debug|Any CPU
		{0F00FB8E-9A6A-46E3-AC8B-3C84D6337B0A}.Debug|Any CPU.Build.0 = Debug|Any CPU
		{0F00FB8E-9A6A-46E3-AC8B-3C84D6337B0A}.Release|Any CPU.ActiveCfg = Release|Any CPU
		{0F00FB8E-9A6A-46E3-AC8B-3C84D6337B0A}.Release|Any CPU.Build.0 = Release|Any CPU
		{1A05E5B9-20CA-4065-9E3C-0E50D2C1E09E}.Debug|Any CPU.ActiveCfg = Debug|Any CPU
		{1A05E5B9-20CA-4065-9E3C-0E50D2C1E09E}.Debug|Any CPU.Build.0 = Debug|Any CPU
		{1A05E5B9-20CA-4065-9E3C-0E50D2C1E09E}.Release|Any CPU.ActiveCfg = Release|Any CPU
		{1A05E5B9-20CA-4065-9E3C-0E50D2C1E09E}.Release|Any CPU.Build.0 = Release|Any CPU
		{0101B51F-B85E-44D1-A449-BAA2FF1A6EEA}.Debug|Any CPU.ActiveCfg = Debug|Any CPU
		{0101B51F-B85E-44D1-A449-BAA2FF1A6EEA}.Debug|Any CPU.Build.0 = Debug|Any CPU
		{0101B51F-B85E-44D1-A449-BAA2FF1A6EEA}.Release|Any CPU.ActiveCfg = Release|Any CPU
		{0101B51F-B85E-44D1-A449-BAA2FF1A6EEA}.Release|Any CPU.Build.0 = Release|Any CPU
	EndGlobalSection
	GlobalSection(SolutionProperties) = preSolution
		HideSolutionNode = FALSE
	EndGlobalSection
	GlobalSection(NestedProjects) = preSolution
		{9E40985C-74CC-4446-85D6-86DBCE29BB27} = {367A2D65-D3E9-42B7-A81C-54DECC6A0068}
		{DB48A3CC-27E1-402C-BF64-F610FE567214} = {367A2D65-D3E9-42B7-A81C-54DECC6A0068}
		{81FCD4EA-9360-4193-9E7C-E6DE1EAA1602} = {367A2D65-D3E9-42B7-A81C-54DECC6A0068}
		{1A05E5B9-20CA-4065-9E3C-0E50D2C1E09E} = {AFC62849-E3D1-4205-9AE6-499D5253E88C}
		{0101B51F-B85E-44D1-A449-BAA2FF1A6EEA} = {AFC62849-E3D1-4205-9AE6-499D5253E88C}
		{AB65A81E-EE9D-4A7C-B122-15AAC44B66D6} = {75B06F96-2E02-43B5-B7A7-6D3F2459C22C}
		{9D19077A-0E59-4825-BFEA-8ED99AA00F55} = {75B06F96-2E02-43B5-B7A7-6D3F2459C22C}
		{0F00FB8E-9A6A-46E3-AC8B-3C84D6337B0A} = {75B06F96-2E02-43B5-B7A7-6D3F2459C22C}
		{8FCD4F51-FD51-42BE-892C-E80E609F0744} = {6518CF21-50AF-404C-A90D-8303D02DC40E}
		{470252DB-6B53-4C52-9536-59D6FDC2EAA4} = {6518CF21-50AF-404C-A90D-8303D02DC40E}
	EndGlobalSection
EndGlobal
