
Microsoft Visual Studio Solution File, Format Version 12.00
# Visual Studio 2013
VisualStudioVersion = 12.0.21005.1
MinimumVisualStudioVersion = 10.0.40219.1
Project("{FAE04EC0-301F-11D3-BF4B-00C04F79EFBC}") = "api_Test.DT", "api_Test.DT\api_Test.DT.csproj", "{0BC92E01-D225-43E9-AA06-5F8F6D26B3F2}"
EndProject
Project("{FAE04EC0-301F-11D3-BF4B-00C04F79EFBC}") = "api_Test.DA", "api_Test.DA\api_Test.DA.csproj", "{F782A44A-6331-4C9D-891B-BEC6A3E5C681}"
EndProject
Project("{FAE04EC0-301F-11D3-BF4B-00C04F79EFBC}") = "api_Test.CM", "api_Test.CM\api_Test.CM.csproj", "{45CDC163-7773-4085-AC47-43D5AF2DDB5A}"
EndProject
Project("{FAE04EC0-301F-11D3-BF4B-00C04F79EFBC}") = "api_Test.BS", "api_Test.BS\api_Test.BS.csproj", "{24FE4E93-4D3D-4123-8031-EFA3D2A242C8}"
EndProject
Project("{FAE04EC0-301F-11D3-BF4B-00C04F79EFBC}") = "api_Test", "api_Test\api_Test.csproj", "{40EA44E9-DE2E-47F7-99EF-9744C9B8E21A}"
EndProject
Global
	GlobalSection(SolutionConfigurationPlatforms) = preSolution
		Debug|Any CPU = Debug|Any CPU
		Release|Any CPU = Release|Any CPU
	EndGlobalSection
	GlobalSection(ProjectConfigurationPlatforms) = postSolution
		{0BC92E01-D225-43E9-AA06-5F8F6D26B3F2}.Debug|Any CPU.ActiveCfg = Debug|Any CPU
		{0BC92E01-D225-43E9-AA06-5F8F6D26B3F2}.Debug|Any CPU.Build.0 = Debug|Any CPU
		{0BC92E01-D225-43E9-AA06-5F8F6D26B3F2}.Release|Any CPU.ActiveCfg = Release|Any CPU
		{0BC92E01-D225-43E9-AA06-5F8F6D26B3F2}.Release|Any CPU.Build.0 = Release|Any CPU
		{F782A44A-6331-4C9D-891B-BEC6A3E5C681}.Debug|Any CPU.ActiveCfg = Debug|Any CPU
		{F782A44A-6331-4C9D-891B-BEC6A3E5C681}.Debug|Any CPU.Build.0 = Debug|Any CPU
		{F782A44A-6331-4C9D-891B-BEC6A3E5C681}.Release|Any CPU.ActiveCfg = Release|Any CPU
		{F782A44A-6331-4C9D-891B-BEC6A3E5C681}.Release|Any CPU.Build.0 = Release|Any CPU
		{45CDC163-7773-4085-AC47-43D5AF2DDB5A}.Debug|Any CPU.ActiveCfg = Debug|Any CPU
		{45CDC163-7773-4085-AC47-43D5AF2DDB5A}.Debug|Any CPU.Build.0 = Debug|Any CPU
		{45CDC163-7773-4085-AC47-43D5AF2DDB5A}.Release|Any CPU.ActiveCfg = Release|Any CPU
		{45CDC163-7773-4085-AC47-43D5AF2DDB5A}.Release|Any CPU.Build.0 = Release|Any CPU
		{24FE4E93-4D3D-4123-8031-EFA3D2A242C8}.Debug|Any CPU.ActiveCfg = Debug|Any CPU
		{24FE4E93-4D3D-4123-8031-EFA3D2A242C8}.Debug|Any CPU.Build.0 = Debug|Any CPU
		{24FE4E93-4D3D-4123-8031-EFA3D2A242C8}.Release|Any CPU.ActiveCfg = Release|Any CPU
		{24FE4E93-4D3D-4123-8031-EFA3D2A242C8}.Release|Any CPU.Build.0 = Release|Any CPU
		{40EA44E9-DE2E-47F7-99EF-9744C9B8E21A}.Debug|Any CPU.ActiveCfg = Debug|Any CPU
		{40EA44E9-DE2E-47F7-99EF-9744C9B8E21A}.Debug|Any CPU.Build.0 = Debug|Any CPU
		{40EA44E9-DE2E-47F7-99EF-9744C9B8E21A}.Release|Any CPU.ActiveCfg = Release|Any CPU
		{40EA44E9-DE2E-47F7-99EF-9744C9B8E21A}.Release|Any CPU.Build.0 = Release|Any CPU
	EndGlobalSection
	GlobalSection(SolutionProperties) = preSolution
		HideSolutionNode = FALSE
	EndGlobalSection
EndGlobal
